
Microsoft Visual Studio Solution File, Format Version 12.00
# Visual Studio Version 17
VisualStudioVersion = 17.7.34024.191
MinimumVisualStudioVersion = 10.0.40219.1
Project("{FAE04EC0-301F-11D3-BF4B-00C04F79EFBC}") = "pruebas", "pruebas.csproj", "{F4274576-D77B-4BCD-A284-8F43A119E490}"
EndProject
Global
	GlobalSection(SolutionConfigurationPlatforms) = preSolution
		Debug|Any CPU = Debug|Any CPU
		Release|Any CPU = Release|Any CPU
	EndGlobalSection
	GlobalSection(ProjectConfigurationPlatforms) = postSolution
		{F4274576-D77B-4BCD-A284-8F43A119E490}.Debug|Any CPU.ActiveCfg = Debug|Any CPU
		{F4274576-D77B-4BCD-A284-8F43A119E490}.Debug|Any CPU.Build.0 = Debug|Any CPU
		{F4274576-D77B-4BCD-A284-8F43A119E490}.Release|Any CPU.ActiveCfg = Release|Any CPU
		{F4274576-D77B-4BCD-A284-8F43A119E490}.Release|Any CPU.Build.0 = Release|Any CPU
	EndGlobalSection
	GlobalSection(SolutionProperties) = preSolution
		HideSolutionNode = FALSE
	EndGlobalSection
	GlobalSection(ExtensibilityGlobals) = postSolution
		SolutionGuid = {E202C64B-5F7F-4721-BD8F-83EFDF50F2DF}
	EndGlobalSection
EndGlobal
